// !$*UTF8*$!
{
	archiveVersion = 1;
	classes = {
	};
	objectVersion = 46;
	objects = {

/* Begin PBXBuildFile section */
		A23BD9EB1E8D0B7900B2BF4C /* AppDelegate.swift in Sources */ = {isa = PBXBuildFile; fileRef = A23BD9EA1E8D0B7900B2BF4C /* AppDelegate.swift */; };
		A23BD9F21E8D0B7900B2BF4C /* Assets.xcassets in Resources */ = {isa = PBXBuildFile; fileRef = A23BD9F11E8D0B7900B2BF4C /* Assets.xcassets */; };
		A23BDA001E8D0B7900B2BF4C /* shipperTests.swift in Sources */ = {isa = PBXBuildFile; fileRef = A23BD9FF1E8D0B7900B2BF4C /* shipperTests.swift */; };
		A23BDA101E8D0BEF00B2BF4C /* BaseViewController.swift in Sources */ = {isa = PBXBuildFile; fileRef = A23BDA0F1E8D0BEF00B2BF4C /* BaseViewController.swift */; };
		A23BDA121E8D0C1000B2BF4C /* BaseTabBarController.swift in Sources */ = {isa = PBXBuildFile; fileRef = A23BDA111E8D0C1000B2BF4C /* BaseTabBarController.swift */; };
		A23BDA141E8D0C3200B2BF4C /* BaseNavigationController.swift in Sources */ = {isa = PBXBuildFile; fileRef = A23BDA131E8D0C3200B2BF4C /* BaseNavigationController.swift */; };
		A23BDA161E8D0C5800B2BF4C /* HomeTabBarViewController.swift in Sources */ = {isa = PBXBuildFile; fileRef = A23BDA151E8D0C5800B2BF4C /* HomeTabBarViewController.swift */; };
		A23BDA1B1E8D0CA500B2BF4C /* PackageListViewController.swift in Sources */ = {isa = PBXBuildFile; fileRef = A23BDA1A1E8D0CA500B2BF4C /* PackageListViewController.swift */; };
		A23BDA1D1E8D0CC600B2BF4C /* SettingViewController.swift in Sources */ = {isa = PBXBuildFile; fileRef = A23BDA1C1E8D0CC600B2BF4C /* SettingViewController.swift */; };
		A23BDA1F1E8D0CDD00B2BF4C /* LocationViewController.swift in Sources */ = {isa = PBXBuildFile; fileRef = A23BDA1E1E8D0CDD00B2BF4C /* LocationViewController.swift */; };
		A29702EF1E8E40B2001321D3 /* Launch Screen.storyboard in Resources */ = {isa = PBXBuildFile; fileRef = A29702EE1E8E40B2001321D3 /* Launch Screen.storyboard */; };
		A29702F01E8E40B2001321D3 /* Launch Screen.storyboard in Resources */ = {isa = PBXBuildFile; fileRef = A29702EE1E8E40B2001321D3 /* Launch Screen.storyboard */; };
		A29702F21E8E5D43001321D3 /* Main.storyboard in Resources */ = {isa = PBXBuildFile; fileRef = A29702F11E8E5D43001321D3 /* Main.storyboard */; };
		A29702F31E8E5D43001321D3 /* Main.storyboard in Resources */ = {isa = PBXBuildFile; fileRef = A29702F11E8E5D43001321D3 /* Main.storyboard */; };
		A2E085AF1E8DEDA6003802F1 /* AppDelegateModelController.swift in Sources */ = {isa = PBXBuildFile; fileRef = A2E085AE1E8DEDA6003802F1 /* AppDelegateModelController.swift */; };
/* End PBXBuildFile section */

/* Begin PBXContainerItemProxy section */
		A23BD9FC1E8D0B7900B2BF4C /* PBXContainerItemProxy */ = {
			isa = PBXContainerItemProxy;
			containerPortal = A23BD9DF1E8D0B7900B2BF4C /* Project object */;
			proxyType = 1;
			remoteGlobalIDString = A23BD9E61E8D0B7900B2BF4C;
			remoteInfo = shipper;
		};
/* End PBXContainerItemProxy section */

/* Begin PBXFileReference section */
		A23BD9E71E8D0B7900B2BF4C /* shipper.app */ = {isa = PBXFileReference; explicitFileType = wrapper.application; includeInIndex = 0; path = shipper.app; sourceTree = BUILT_PRODUCTS_DIR; };
		A23BD9EA1E8D0B7900B2BF4C /* AppDelegate.swift */ = {isa = PBXFileReference; lastKnownFileType = sourcecode.swift; path = AppDelegate.swift; sourceTree = "<group>"; };
		A23BD9F11E8D0B7900B2BF4C /* Assets.xcassets */ = {isa = PBXFileReference; lastKnownFileType = folder.assetcatalog; path = Assets.xcassets; sourceTree = "<group>"; };
		A23BD9FB1E8D0B7900B2BF4C /* shipperTests.xctest */ = {isa = PBXFileReference; explicitFileType = wrapper.cfbundle; includeInIndex = 0; path = shipperTests.xctest; sourceTree = BUILT_PRODUCTS_DIR; };
		A23BD9FF1E8D0B7900B2BF4C /* shipperTests.swift */ = {isa = PBXFileReference; lastKnownFileType = sourcecode.swift; path = shipperTests.swift; sourceTree = "<group>"; };
		A23BDA011E8D0B7900B2BF4C /* Info.plist */ = {isa = PBXFileReference; lastKnownFileType = text.plist.xml; path = Info.plist; sourceTree = "<group>"; };
		A23BDA0F1E8D0BEF00B2BF4C /* BaseViewController.swift */ = {isa = PBXFileReference; fileEncoding = 4; lastKnownFileType = sourcecode.swift; path = BaseViewController.swift; sourceTree = "<group>"; };
		A23BDA111E8D0C1000B2BF4C /* BaseTabBarController.swift */ = {isa = PBXFileReference; fileEncoding = 4; lastKnownFileType = sourcecode.swift; path = BaseTabBarController.swift; sourceTree = "<group>"; };
		A23BDA131E8D0C3200B2BF4C /* BaseNavigationController.swift */ = {isa = PBXFileReference; fileEncoding = 4; lastKnownFileType = sourcecode.swift; path = BaseNavigationController.swift; sourceTree = "<group>"; };
		A23BDA151E8D0C5800B2BF4C /* HomeTabBarViewController.swift */ = {isa = PBXFileReference; fileEncoding = 4; lastKnownFileType = sourcecode.swift; path = HomeTabBarViewController.swift; sourceTree = "<group>"; };
		A23BDA1A1E8D0CA500B2BF4C /* PackageListViewController.swift */ = {isa = PBXFileReference; fileEncoding = 4; lastKnownFileType = sourcecode.swift; path = PackageListViewController.swift; sourceTree = "<group>"; };
		A23BDA1C1E8D0CC600B2BF4C /* SettingViewController.swift */ = {isa = PBXFileReference; fileEncoding = 4; lastKnownFileType = sourcecode.swift; path = SettingViewController.swift; sourceTree = "<group>"; };
		A23BDA1E1E8D0CDD00B2BF4C /* LocationViewController.swift */ = {isa = PBXFileReference; fileEncoding = 4; lastKnownFileType = sourcecode.swift; path = LocationViewController.swift; sourceTree = "<group>"; };
		A29702EE1E8E40B2001321D3 /* Launch Screen.storyboard */ = {isa = PBXFileReference; fileEncoding = 4; lastKnownFileType = file.storyboard; path = "Launch Screen.storyboard"; sourceTree = "<group>"; };
		A29702F11E8E5D43001321D3 /* Main.storyboard */ = {isa = PBXFileReference; fileEncoding = 4; lastKnownFileType = file.storyboard; path = Main.storyboard; sourceTree = "<group>"; };
		A29702F41E8E5F57001321D3 /* Info.plist */ = {isa = PBXFileReference; fileEncoding = 4; lastKnownFileType = text.plist.xml; path = Info.plist; sourceTree = "<group>"; };
		A2E085AE1E8DEDA6003802F1 /* AppDelegateModelController.swift */ = {isa = PBXFileReference; fileEncoding = 4; lastKnownFileType = sourcecode.swift; path = AppDelegateModelController.swift; sourceTree = "<group>"; };
/* End PBXFileReference section */

/* Begin PBXFrameworksBuildPhase section */
		A23BD9E41E8D0B7900B2BF4C /* Frameworks */ = {
			isa = PBXFrameworksBuildPhase;
			buildActionMask = 2147483647;
			files = (
			);
			runOnlyForDeploymentPostprocessing = 0;
		};
		A23BD9F81E8D0B7900B2BF4C /* Frameworks */ = {
			isa = PBXFrameworksBuildPhase;
			buildActionMask = 2147483647;
			files = (
			);
			runOnlyForDeploymentPostprocessing = 0;
		};
/* End PBXFrameworksBuildPhase section */

/* Begin PBXGroup section */
		A23BD9DE1E8D0B7900B2BF4C = {
			isa = PBXGroup;
			children = (
				A23BD9E91E8D0B7900B2BF4C /* shipper */,
				A23BD9FE1E8D0B7900B2BF4C /* shipperTests */,
				A23BD9E81E8D0B7900B2BF4C /* Products */,
			);
			sourceTree = "<group>";
		};
		A23BD9E81E8D0B7900B2BF4C /* Products */ = {
			isa = PBXGroup;
			children = (
				A23BD9E71E8D0B7900B2BF4C /* shipper.app */,
				A23BD9FB1E8D0B7900B2BF4C /* shipperTests.xctest */,
			);
			name = Products;
			sourceTree = "<group>";
		};
		A23BD9E91E8D0B7900B2BF4C /* shipper */ = {
			isa = PBXGroup;
			children = (
				A2E085AC1E8DED26003802F1 /* viewmodels */,
				A23BDA0B1E8D0B8600B2BF4C /* views */,
				A23BDA0A1E8D0B7F00B2BF4C /* controllers */,
				A23BD9EA1E8D0B7900B2BF4C /* AppDelegate.swift */,
				A29702F41E8E5F57001321D3 /* Info.plist */,
				A29702F11E8E5D43001321D3 /* Main.storyboard */,
				A23BD9F11E8D0B7900B2BF4C /* Assets.xcassets */,
				A29702EE1E8E40B2001321D3 /* Launch Screen.storyboard */,
			);
			path = shipper;
			sourceTree = "<group>";
		};
		A23BD9FE1E8D0B7900B2BF4C /* shipperTests */ = {
			isa = PBXGroup;
			children = (
				A23BD9FF1E8D0B7900B2BF4C /* shipperTests.swift */,
				A23BDA011E8D0B7900B2BF4C /* Info.plist */,
			);
			path = shipperTests;
			sourceTree = "<group>";
		};
		A23BDA0A1E8D0B7F00B2BF4C /* controllers */ = {
			isa = PBXGroup;
			children = (
				A23BDA191E8D0C7900B2BF4C /* location */,
				A23BDA181E8D0C7300B2BF4C /* setting */,
				A23BDA171E8D0C6900B2BF4C /* package */,
				A23BDA0E1E8D0BAD00B2BF4C /* home */,
				A23BDA0C1E8D0B8F00B2BF4C /* base */,
			);
			path = controllers;
			sourceTree = "<group>";
		};
		A23BDA0B1E8D0B8600B2BF4C /* views */ = {
			isa = PBXGroup;
			children = (
			);
			path = views;
			sourceTree = "<group>";
		};
		A23BDA0C1E8D0B8F00B2BF4C /* base */ = {
			isa = PBXGroup;
			children = (
				A23BDA0F1E8D0BEF00B2BF4C /* BaseViewController.swift */,
				A23BDA111E8D0C1000B2BF4C /* BaseTabBarController.swift */,
				A23BDA131E8D0C3200B2BF4C /* BaseNavigationController.swift */,
			);
			path = base;
			sourceTree = "<group>";
		};
		A23BDA0E1E8D0BAD00B2BF4C /* home */ = {
			isa = PBXGroup;
			children = (
				A23BDA151E8D0C5800B2BF4C /* HomeTabBarViewController.swift */,
			);
			path = home;
			sourceTree = "<group>";
		};
		A23BDA171E8D0C6900B2BF4C /* package */ = {
			isa = PBXGroup;
			children = (
				A23BDA1A1E8D0CA500B2BF4C /* PackageListViewController.swift */,
			);
			path = package;
			sourceTree = "<group>";
		};
		A23BDA181E8D0C7300B2BF4C /* setting */ = {
			isa = PBXGroup;
			children = (
				A23BDA1C1E8D0CC600B2BF4C /* SettingViewController.swift */,
			);
			path = setting;
			sourceTree = "<group>";
		};
		A23BDA191E8D0C7900B2BF4C /* location */ = {
			isa = PBXGroup;
			children = (
				A23BDA1E1E8D0CDD00B2BF4C /* LocationViewController.swift */,
			);
			path = location;
			sourceTree = "<group>";
		};
		A2E085AC1E8DED26003802F1 /* viewmodels */ = {
			isa = PBXGroup;
			children = (
				A2E085AD1E8DED6D003802F1 /* appdelegate */,
			);
			path = viewmodels;
			sourceTree = "<group>";
		};
		A2E085AD1E8DED6D003802F1 /* appdelegate */ = {
			isa = PBXGroup;
			children = (
				A2E085AE1E8DEDA6003802F1 /* AppDelegateModelController.swift */,
			);
			name = appdelegate;
			sourceTree = "<group>";
		};
/* End PBXGroup section */

/* Begin PBXNativeTarget section */
		A23BD9E61E8D0B7900B2BF4C /* shipper */ = {
			isa = PBXNativeTarget;
			buildConfigurationList = A23BDA041E8D0B7900B2BF4C /* Build configuration list for PBXNativeTarget "shipper" */;
			buildPhases = (
				A23BD9E31E8D0B7900B2BF4C /* Sources */,
				A23BD9E41E8D0B7900B2BF4C /* Frameworks */,
				A23BD9E51E8D0B7900B2BF4C /* Resources */,
			);
			buildRules = (
			);
			dependencies = (
			);
			name = shipper;
			productName = shipper;
			productReference = A23BD9E71E8D0B7900B2BF4C /* shipper.app */;
			productType = "com.apple.product-type.application";
		};
		A23BD9FA1E8D0B7900B2BF4C /* shipperTests */ = {
			isa = PBXNativeTarget;
			buildConfigurationList = A23BDA071E8D0B7900B2BF4C /* Build configuration list for PBXNativeTarget "shipperTests" */;
			buildPhases = (
				A23BD9F71E8D0B7900B2BF4C /* Sources */,
				A23BD9F81E8D0B7900B2BF4C /* Frameworks */,
				A23BD9F91E8D0B7900B2BF4C /* Resources */,
			);
			buildRules = (
			);
			dependencies = (
				A23BD9FD1E8D0B7900B2BF4C /* PBXTargetDependency */,
			);
			name = shipperTests;
			productName = shipperTests;
			productReference = A23BD9FB1E8D0B7900B2BF4C /* shipperTests.xctest */;
			productType = "com.apple.product-type.bundle.unit-test";
		};
/* End PBXNativeTarget section */

/* Begin PBXProject section */
		A23BD9DF1E8D0B7900B2BF4C /* Project object */ = {
			isa = PBXProject;
			attributes = {
				LastSwiftUpdateCheck = 0820;
				LastUpgradeCheck = 0820;
				ORGANIZATIONNAME = tran.quoc.quan;
				TargetAttributes = {
					A23BD9E61E8D0B7900B2BF4C = {
						CreatedOnToolsVersion = 8.2.1;
						DevelopmentTeam = 3CNHYL95JX;
						ProvisioningStyle = Automatic;
					};
					A23BD9FA1E8D0B7900B2BF4C = {
						CreatedOnToolsVersion = 8.2.1;
						DevelopmentTeam = 3CNHYL95JX;
						ProvisioningStyle = Automatic;
						TestTargetID = A23BD9E61E8D0B7900B2BF4C;
					};
				};
			};
			buildConfigurationList = A23BD9E21E8D0B7900B2BF4C /* Build configuration list for PBXProject "shipper" */;
			compatibilityVersion = "Xcode 3.2";
			developmentRegion = English;
			hasScannedForEncodings = 0;
			knownRegions = (
				en,
			);
			mainGroup = A23BD9DE1E8D0B7900B2BF4C;
			productRefGroup = A23BD9E81E8D0B7900B2BF4C /* Products */;
			projectDirPath = "";
			projectRoot = "";
			targets = (
				A23BD9E61E8D0B7900B2BF4C /* shipper */,
				A23BD9FA1E8D0B7900B2BF4C /* shipperTests */,
			);
		};
/* End PBXProject section */

/* Begin PBXResourcesBuildPhase section */
		A23BD9E51E8D0B7900B2BF4C /* Resources */ = {
			isa = PBXResourcesBuildPhase;
			buildActionMask = 2147483647;
			files = (
				A29702EF1E8E40B2001321D3 /* Launch Screen.storyboard in Resources */,
				A23BD9F21E8D0B7900B2BF4C /* Assets.xcassets in Resources */,
				A29702F21E8E5D43001321D3 /* Main.storyboard in Resources */,
			);
			runOnlyForDeploymentPostprocessing = 0;
		};
		A23BD9F91E8D0B7900B2BF4C /* Resources */ = {
			isa = PBXResourcesBuildPhase;
			buildActionMask = 2147483647;
			files = (
				A29702F31E8E5D43001321D3 /* Main.storyboard in Resources */,
				A29702F01E8E40B2001321D3 /* Launch Screen.storyboard in Resources */,
			);
			runOnlyForDeploymentPostprocessing = 0;
		};
/* End PBXResourcesBuildPhase section */

/* Begin PBXSourcesBuildPhase section */
		A23BD9E31E8D0B7900B2BF4C /* Sources */ = {
			isa = PBXSourcesBuildPhase;
			buildActionMask = 2147483647;
			files = (
				A2E085AF1E8DEDA6003802F1 /* AppDelegateModelController.swift in Sources */,
				A23BDA1B1E8D0CA500B2BF4C /* PackageListViewController.swift in Sources */,
				A23BDA121E8D0C1000B2BF4C /* BaseTabBarController.swift in Sources */,
				A23BDA1D1E8D0CC600B2BF4C /* SettingViewController.swift in Sources */,
				A23BD9EB1E8D0B7900B2BF4C /* AppDelegate.swift in Sources */,
				A23BDA161E8D0C5800B2BF4C /* HomeTabBarViewController.swift in Sources */,
				A23BDA1F1E8D0CDD00B2BF4C /* LocationViewController.swift in Sources */,
				A23BDA141E8D0C3200B2BF4C /* BaseNavigationController.swift in Sources */,
				A23BDA101E8D0BEF00B2BF4C /* BaseViewController.swift in Sources */,
			);
			runOnlyForDeploymentPostprocessing = 0;
		};
		A23BD9F71E8D0B7900B2BF4C /* Sources */ = {
			isa = PBXSourcesBuildPhase;
			buildActionMask = 2147483647;
			files = (
				A23BDA001E8D0B7900B2BF4C /* shipperTests.swift in Sources */,
			);
			runOnlyForDeploymentPostprocessing = 0;
		};
/* End PBXSourcesBuildPhase section */

/* Begin PBXTargetDependency section */
		A23BD9FD1E8D0B7900B2BF4C /* PBXTargetDependency */ = {
			isa = PBXTargetDependency;
			target = A23BD9E61E8D0B7900B2BF4C /* shipper */;
			targetProxy = A23BD9FC1E8D0B7900B2BF4C /* PBXContainerItemProxy */;
		};
/* End PBXTargetDependency section */

/* Begin XCBuildConfiguration section */
		A23BDA021E8D0B7900B2BF4C /* Debug */ = {
			isa = XCBuildConfiguration;
			buildSettings = {
				ALWAYS_SEARCH_USER_PATHS = NO;
				CLANG_ANALYZER_LOCALIZABILITY_NONLOCALIZED = YES;
				CLANG_ANALYZER_NONNULL = YES;
				CLANG_CXX_LANGUAGE_STANDARD = "gnu++0x";
				CLANG_CXX_LIBRARY = "libc++";
				CLANG_ENABLE_MODULES = YES;
				CLANG_ENABLE_OBJC_ARC = YES;
				CLANG_WARN_BOOL_CONVERSION = YES;
				CLANG_WARN_CONSTANT_CONVERSION = YES;
				CLANG_WARN_DIRECT_OBJC_ISA_USAGE = YES_ERROR;
				CLANG_WARN_DOCUMENTATION_COMMENTS = YES;
				CLANG_WARN_EMPTY_BODY = YES;
				CLANG_WARN_ENUM_CONVERSION = YES;
				CLANG_WARN_INFINITE_RECURSION = YES;
				CLANG_WARN_INT_CONVERSION = YES;
				CLANG_WARN_OBJC_ROOT_CLASS = YES_ERROR;
				CLANG_WARN_SUSPICIOUS_MOVE = YES;
				CLANG_WARN_UNREACHABLE_CODE = YES;
				CLANG_WARN__DUPLICATE_METHOD_MATCH = YES;
				"CODE_SIGN_IDENTITY[sdk=iphoneos*]" = "iPhone Developer";
				COPY_PHASE_STRIP = NO;
				DEBUG_INFORMATION_FORMAT = dwarf;
				ENABLE_STRICT_OBJC_MSGSEND = YES;
				ENABLE_TESTABILITY = YES;
				GCC_C_LANGUAGE_STANDARD = gnu99;
				GCC_DYNAMIC_NO_PIC = NO;
				GCC_NO_COMMON_BLOCKS = YES;
				GCC_OPTIMIZATION_LEVEL = 0;
				GCC_PREPROCESSOR_DEFINITIONS = (
					"DEBUG=1",
					"$(inherited)",
				);
				GCC_WARN_64_TO_32_BIT_CONVERSION = YES;
				GCC_WARN_ABOUT_RETURN_TYPE = YES_ERROR;
				GCC_WARN_UNDECLARED_SELECTOR = YES;
				GCC_WARN_UNINITIALIZED_AUTOS = YES_AGGRESSIVE;
				GCC_WARN_UNUSED_FUNCTION = YES;
				GCC_WARN_UNUSED_VARIABLE = YES;
				IPHONEOS_DEPLOYMENT_TARGET = 10.2;
				MTL_ENABLE_DEBUG_INFO = YES;
				ONLY_ACTIVE_ARCH = YES;
				SDKROOT = iphoneos;
				SWIFT_ACTIVE_COMPILATION_CONDITIONS = DEBUG;
				SWIFT_OPTIMIZATION_LEVEL = "-Onone";
				TARGETED_DEVICE_FAMILY = "1,2";
			};
			name = Debug;
		};
		A23BDA031E8D0B7900B2BF4C /* Release */ = {
			isa = XCBuildConfiguration;
			buildSettings = {
				ALWAYS_SEARCH_USER_PATHS = NO;
				CLANG_ANALYZER_LOCALIZABILITY_NONLOCALIZED = YES;
				CLANG_ANALYZER_NONNULL = YES;
				CLANG_CXX_LANGUAGE_STANDARD = "gnu++0x";
				CLANG_CXX_LIBRARY = "libc++";
				CLANG_ENABLE_MODULES = YES;
				CLANG_ENABLE_OBJC_ARC = YES;
				CLANG_WARN_BOOL_CONVERSION = YES;
				CLANG_WARN_CONSTANT_CONVERSION = YES;
				CLANG_WARN_DIRECT_OBJC_ISA_USAGE = YES_ERROR;
				CLANG_WARN_DOCUMENTATION_COMMENTS = YES;
				CLANG_WARN_EMPTY_BODY = YES;
				CLANG_WARN_ENUM_CONVERSION = YES;
				CLANG_WARN_INFINITE_RECURSION = YES;
				CLANG_WARN_INT_CONVERSION = YES;
				CLANG_WARN_OBJC_ROOT_CLASS = YES_ERROR;
				CLANG_WARN_SUSPICIOUS_MOVE = YES;
				CLANG_WARN_UNREACHABLE_CODE = YES;
				CLANG_WARN__DUPLICATE_METHOD_MATCH = YES;
				"CODE_SIGN_IDENTITY[sdk=iphoneos*]" = "iPhone Developer";
				COPY_PHASE_STRIP = NO;
				DEBUG_INFORMATION_FORMAT = "dwarf-with-dsym";
				ENABLE_NS_ASSERTIONS = NO;
				ENABLE_STRICT_OBJC_MSGSEND = YES;
				GCC_C_LANGUAGE_STANDARD = gnu99;
				GCC_NO_COMMON_BLOCKS = YES;
				GCC_WARN_64_TO_32_BIT_CONVERSION = YES;
				GCC_WARN_ABOUT_RETURN_TYPE = YES_ERROR;
				GCC_WARN_UNDECLARED_SELECTOR = YES;
				GCC_WARN_UNINITIALIZED_AUTOS = YES_AGGRESSIVE;
				GCC_WARN_UNUSED_FUNCTION = YES;
				GCC_WARN_UNUSED_VARIABLE = YES;
				IPHONEOS_DEPLOYMENT_TARGET = 10.2;
				MTL_ENABLE_DEBUG_INFO = NO;
				SDKROOT = iphoneos;
				SWIFT_OPTIMIZATION_LEVEL = "-Owholemodule";
				TARGETED_DEVICE_FAMILY = "1,2";
				VALIDATE_PRODUCT = YES;
			};
			name = Release;
		};
		A23BDA051E8D0B7900B2BF4C /* Debug */ = {
			isa = XCBuildConfiguration;
			buildSettings = {
				ASSETCATALOG_COMPILER_APPICON_NAME = AppIcon;
				DEVELOPMENT_TEAM = 3CNHYL95JX;
				INFOPLIST_FILE = shipper/Info.plist;
				IPHONEOS_DEPLOYMENT_TARGET = 9.0;
				LD_RUNPATH_SEARCH_PATHS = "$(inherited) @executable_path/Frameworks";
				PRODUCT_BUNDLE_IDENTIFIER = com.quantq.shipper;
				PRODUCT_NAME = "$(TARGET_NAME)";
				SWIFT_VERSION = 3.0;
			};
			name = Debug;
		};
		A23BDA061E8D0B7900B2BF4C /* Release */ = {
			isa = XCBuildConfiguration;
			buildSettings = {
				ASSETCATALOG_COMPILER_APPICON_NAME = AppIcon;
				DEVELOPMENT_TEAM = 3CNHYL95JX;
				INFOPLIST_FILE = shipper/Info.plist;
				IPHONEOS_DEPLOYMENT_TARGET = 9.0;
				LD_RUNPATH_SEARCH_PATHS = "$(inherited) @executable_path/Frameworks";
				PRODUCT_BUNDLE_IDENTIFIER = com.quantq.shipper;
				PRODUCT_NAME = "$(TARGET_NAME)";
				SWIFT_VERSION = 3.0;
			};
			name = Release;
		};
		A23BDA081E8D0B7900B2BF4C /* Debug */ = {
			isa = XCBuildConfiguration;
			buildSettings = {
				ALWAYS_EMBED_SWIFT_STANDARD_LIBRARIES = YES;
				BUNDLE_LOADER = "$(TEST_HOST)";
				DEVELOPMENT_TEAM = 3CNHYL95JX;
				INFOPLIST_FILE = shipperTests/Info.plist;
				LD_RUNPATH_SEARCH_PATHS = "$(inherited) @executable_path/Frameworks @loader_path/Frameworks";
				PRODUCT_BUNDLE_IDENTIFIER = com.quantq.shipperTests;
				PRODUCT_NAME = "$(TARGET_NAME)";
				SWIFT_VERSION = 3.0;
				TEST_HOST = "$(BUILT_PRODUCTS_DIR)/shipper.app/shipper";
			};
			name = Debug;
		};
		A23BDA091E8D0B7900B2BF4C /* Release */ = {
			isa = XCBuildConfiguration;
			buildSettings = {
				ALWAYS_EMBED_SWIFT_STANDARD_LIBRARIES = YES;
				BUNDLE_LOADER = "$(TEST_HOST)";
				DEVELOPMENT_TEAM = 3CNHYL95JX;
				INFOPLIST_FILE = shipperTests/Info.plist;
				LD_RUNPATH_SEARCH_PATHS = "$(inherited) @executable_path/Frameworks @loader_path/Frameworks";
				PRODUCT_BUNDLE_IDENTIFIER = com.quantq.shipperTests;
				PRODUCT_NAME = "$(TARGET_NAME)";
				SWIFT_VERSION = 3.0;
				TEST_HOST = "$(BUILT_PRODUCTS_DIR)/shipper.app/shipper";
			};
			name = Release;
		};
/* End XCBuildConfiguration section */

/* Begin XCConfigurationList section */
		A23BD9E21E8D0B7900B2BF4C /* Build configuration list for PBXProject "shipper" */ = {
			isa = XCConfigurationList;
			buildConfigurations = (
				A23BDA021E8D0B7900B2BF4C /* Debug */,
				A23BDA031E8D0B7900B2BF4C /* Release */,
			);
			defaultConfigurationIsVisible = 0;
			defaultConfigurationName = Release;
		};
		A23BDA041E8D0B7900B2BF4C /* Build configuration list for PBXNativeTarget "shipper" */ = {
			isa = XCConfigurationList;
			buildConfigurations = (
				A23BDA051E8D0B7900B2BF4C /* Debug */,
				A23BDA061E8D0B7900B2BF4C /* Release */,
			);
			defaultConfigurationIsVisible = 0;
			defaultConfigurationName = Release;
		};
		A23BDA071E8D0B7900B2BF4C /* Build configuration list for PBXNativeTarget "shipperTests" */ = {
			isa = XCConfigurationList;
			buildConfigurations = (
				A23BDA081E8D0B7900B2BF4C /* Debug */,
				A23BDA091E8D0B7900B2BF4C /* Release */,
			);
			defaultConfigurationIsVisible = 0;
			defaultConfigurationName = Release;
		};
/* End XCConfigurationList section */
	};
	rootObject = A23BD9DF1E8D0B7900B2BF4C /* Project object */;
}
