// !$*UTF8*$!
{
	archiveVersion = 1;
	classes = {
	};
	objectVersion = 46;
	objects = {

/* Begin PBXBuildFile section */
		38A2A09D1A77D1A6DE394C63 /* Pods_giaohanggiare.framework in Frameworks */ = {isa = PBXBuildFile; fileRef = 1FA9BD752304787E087FE569 /* Pods_giaohanggiare.framework */; };
		A282B5391E4984A4008B8EF4 /* AppDelegate.swift in Sources */ = {isa = PBXBuildFile; fileRef = A282B5381E4984A4008B8EF4 /* AppDelegate.swift */; };
		A282B53E1E4984A4008B8EF4 /* Main.storyboard in Resources */ = {isa = PBXBuildFile; fileRef = A282B53C1E4984A4008B8EF4 /* Main.storyboard */; };
		A282B5401E4984A4008B8EF4 /* Assets.xcassets in Resources */ = {isa = PBXBuildFile; fileRef = A282B53F1E4984A4008B8EF4 /* Assets.xcassets */; };
		A282B5431E4984A4008B8EF4 /* LaunchScreen.storyboard in Resources */ = {isa = PBXBuildFile; fileRef = A282B5411E4984A4008B8EF4 /* LaunchScreen.storyboard */; };
		A282B56D1E4988B2008B8EF4 /* SideMenuController.framework in Frameworks */ = {isa = PBXBuildFile; fileRef = A282B56A1E49889B008B8EF4 /* SideMenuController.framework */; };
		A282B5851E49B166008B8EF4 /* RootViewController.swift in Sources */ = {isa = PBXBuildFile; fileRef = A282B5841E49B166008B8EF4 /* RootViewController.swift */; };
		A282B5881E49B1DD008B8EF4 /* HomeViewController.swift in Sources */ = {isa = PBXBuildFile; fileRef = A282B5871E49B1DD008B8EF4 /* HomeViewController.swift */; };
		A282B58B1E49B5C5008B8EF4 /* MenuController.swift in Sources */ = {isa = PBXBuildFile; fileRef = A282B58A1E49B5C5008B8EF4 /* MenuController.swift */; };
		A282B58E1E49B8F8008B8EF4 /* ContentViewController.swift in Sources */ = {isa = PBXBuildFile; fileRef = A282B58D1E49B8F8008B8EF4 /* ContentViewController.swift */; };
		A282B5911E49B95F008B8EF4 /* ViewController.swift in Sources */ = {isa = PBXBuildFile; fileRef = A282B5901E49B95F008B8EF4 /* ViewController.swift */; };
/* End PBXBuildFile section */

/* Begin PBXContainerItemProxy section */
		A282B5691E49889B008B8EF4 /* PBXContainerItemProxy */ = {
			isa = PBXContainerItemProxy;
			containerPortal = A282B5651E49889B008B8EF4 /* SideMenuController.xcodeproj */;
			proxyType = 2;
			remoteGlobalIDString = A282B5541E49886E008B8EF4;
			remoteInfo = SideMenuController;
		};
		A282B56B1E4988A4008B8EF4 /* PBXContainerItemProxy */ = {
			isa = PBXContainerItemProxy;
			containerPortal = A282B5651E49889B008B8EF4 /* SideMenuController.xcodeproj */;
			proxyType = 1;
			remoteGlobalIDString = A282B5531E49886E008B8EF4;
			remoteInfo = SideMenuController;
		};
/* End PBXContainerItemProxy section */

/* Begin PBXFileReference section */
		1FA9BD752304787E087FE569 /* Pods_giaohanggiare.framework */ = {isa = PBXFileReference; explicitFileType = wrapper.framework; includeInIndex = 0; path = Pods_giaohanggiare.framework; sourceTree = BUILT_PRODUCTS_DIR; };
		A282B5351E4984A4008B8EF4 /* giaohanggiare.app */ = {isa = PBXFileReference; explicitFileType = wrapper.application; includeInIndex = 0; path = giaohanggiare.app; sourceTree = BUILT_PRODUCTS_DIR; };
		A282B5381E4984A4008B8EF4 /* AppDelegate.swift */ = {isa = PBXFileReference; lastKnownFileType = sourcecode.swift; path = AppDelegate.swift; sourceTree = "<group>"; };
		A282B53D1E4984A4008B8EF4 /* Base */ = {isa = PBXFileReference; lastKnownFileType = file.storyboard; name = Base; path = Base.lproj/Main.storyboard; sourceTree = "<group>"; };
		A282B53F1E4984A4008B8EF4 /* Assets.xcassets */ = {isa = PBXFileReference; lastKnownFileType = folder.assetcatalog; path = Assets.xcassets; sourceTree = "<group>"; };
		A282B5421E4984A4008B8EF4 /* Base */ = {isa = PBXFileReference; lastKnownFileType = file.storyboard; name = Base; path = Base.lproj/LaunchScreen.storyboard; sourceTree = "<group>"; };
		A282B5441E4984A4008B8EF4 /* Info.plist */ = {isa = PBXFileReference; lastKnownFileType = text.plist.xml; path = Info.plist; sourceTree = "<group>"; };
		A282B5651E49889B008B8EF4 /* SideMenuController.xcodeproj */ = {isa = PBXFileReference; lastKnownFileType = "wrapper.pb-project"; name = SideMenuController.xcodeproj; path = Pods/../../SideMenuController/SideMenuController.xcodeproj; sourceTree = "<group>"; };
		A282B5841E49B166008B8EF4 /* RootViewController.swift */ = {isa = PBXFileReference; fileEncoding = 4; lastKnownFileType = sourcecode.swift; path = RootViewController.swift; sourceTree = "<group>"; };
		A282B5871E49B1DD008B8EF4 /* HomeViewController.swift */ = {isa = PBXFileReference; fileEncoding = 4; lastKnownFileType = sourcecode.swift; path = HomeViewController.swift; sourceTree = "<group>"; };
		A282B58A1E49B5C5008B8EF4 /* MenuController.swift */ = {isa = PBXFileReference; fileEncoding = 4; lastKnownFileType = sourcecode.swift; name = MenuController.swift; path = Menu/MenuController.swift; sourceTree = "<group>"; };
		A282B58D1E49B8F8008B8EF4 /* ContentViewController.swift */ = {isa = PBXFileReference; fileEncoding = 4; lastKnownFileType = sourcecode.swift; path = ContentViewController.swift; sourceTree = "<group>"; };
		A282B5901E49B95F008B8EF4 /* ViewController.swift */ = {isa = PBXFileReference; fileEncoding = 4; lastKnownFileType = sourcecode.swift; path = ViewController.swift; sourceTree = "<group>"; };
		B3BE4554886971DC68DE3B6D /* Pods-giaohanggiare.release.xcconfig */ = {isa = PBXFileReference; includeInIndex = 1; lastKnownFileType = text.xcconfig; name = "Pods-giaohanggiare.release.xcconfig"; path = "Pods/Target Support Files/Pods-giaohanggiare/Pods-giaohanggiare.release.xcconfig"; sourceTree = "<group>"; };
		B7E62A8BB2085848A7CAB378 /* Pods-giaohanggiare.debug.xcconfig */ = {isa = PBXFileReference; includeInIndex = 1; lastKnownFileType = text.xcconfig; name = "Pods-giaohanggiare.debug.xcconfig"; path = "Pods/Target Support Files/Pods-giaohanggiare/Pods-giaohanggiare.debug.xcconfig"; sourceTree = "<group>"; };
/* End PBXFileReference section */

/* Begin PBXFrameworksBuildPhase section */
		A282B5321E4984A4008B8EF4 /* Frameworks */ = {
			isa = PBXFrameworksBuildPhase;
			buildActionMask = 2147483647;
			files = (
				A282B56D1E4988B2008B8EF4 /* SideMenuController.framework in Frameworks */,
				38A2A09D1A77D1A6DE394C63 /* Pods_giaohanggiare.framework in Frameworks */,
			);
			runOnlyForDeploymentPostprocessing = 0;
		};
/* End PBXFrameworksBuildPhase section */

/* Begin PBXGroup section */
		7B2A0EDF9240ECDB481F0D07 /* Frameworks */ = {
			isa = PBXGroup;
			children = (
				1FA9BD752304787E087FE569 /* Pods_giaohanggiare.framework */,
			);
			name = Frameworks;
			sourceTree = "<group>";
		};
		A282B52C1E4984A4008B8EF4 = {
			isa = PBXGroup;
			children = (
				A282B5651E49889B008B8EF4 /* SideMenuController.xcodeproj */,
				A282B5371E4984A4008B8EF4 /* giaohanggiare */,
				A282B5361E4984A4008B8EF4 /* Products */,
				E39541DA09DCA99A317E4102 /* Pods */,
				7B2A0EDF9240ECDB481F0D07 /* Frameworks */,
			);
			sourceTree = "<group>";
		};
		A282B5361E4984A4008B8EF4 /* Products */ = {
			isa = PBXGroup;
			children = (
				A282B5351E4984A4008B8EF4 /* giaohanggiare.app */,
			);
			name = Products;
			sourceTree = "<group>";
		};
		A282B5371E4984A4008B8EF4 /* giaohanggiare */ = {
			isa = PBXGroup;
			children = (
				A282B5821E49B115008B8EF4 /* Source */,
				A282B5381E4984A4008B8EF4 /* AppDelegate.swift */,
				A282B53C1E4984A4008B8EF4 /* Main.storyboard */,
				A282B53F1E4984A4008B8EF4 /* Assets.xcassets */,
				A282B5411E4984A4008B8EF4 /* LaunchScreen.storyboard */,
				A282B5441E4984A4008B8EF4 /* Info.plist */,
			);
			path = giaohanggiare;
			sourceTree = "<group>";
		};
		A282B5661E49889B008B8EF4 /* Products */ = {
			isa = PBXGroup;
			children = (
				A282B56A1E49889B008B8EF4 /* SideMenuController.framework */,
			);
			name = Products;
			sourceTree = "<group>";
		};
		A282B5821E49B115008B8EF4 /* Source */ = {
			isa = PBXGroup;
			children = (
				A282B5831E49B11C008B8EF4 /* ViewController */,
			);
			path = Source;
			sourceTree = "<group>";
		};
		A282B5831E49B11C008B8EF4 /* ViewController */ = {
			isa = PBXGroup;
			children = (
				A282B58C1E49B8DA008B8EF4 /* Content */,
				A282B5891E49B5B4008B8EF4 /* Menu */,
				A282B5861E49B1BD008B8EF4 /* Home */,
				A282B5841E49B166008B8EF4 /* RootViewController.swift */,
				A282B5901E49B95F008B8EF4 /* ViewController.swift */,
			);
			path = ViewController;
			sourceTree = "<group>";
		};
		A282B5861E49B1BD008B8EF4 /* Home */ = {
			isa = PBXGroup;
			children = (
				A282B5871E49B1DD008B8EF4 /* HomeViewController.swift */,
			);
			path = Home;
			sourceTree = "<group>";
		};
		A282B5891E49B5B4008B8EF4 /* Menu */ = {
			isa = PBXGroup;
			children = (
				A282B58A1E49B5C5008B8EF4 /* MenuController.swift */,
			);
			name = Menu;
			sourceTree = "<group>";
		};
		A282B58C1E49B8DA008B8EF4 /* Content */ = {
			isa = PBXGroup;
			children = (
				A282B58D1E49B8F8008B8EF4 /* ContentViewController.swift */,
			);
			path = Content;
			sourceTree = "<group>";
		};
		E39541DA09DCA99A317E4102 /* Pods */ = {
			isa = PBXGroup;
			children = (
				B7E62A8BB2085848A7CAB378 /* Pods-giaohanggiare.debug.xcconfig */,
				B3BE4554886971DC68DE3B6D /* Pods-giaohanggiare.release.xcconfig */,
			);
			name = Pods;
			sourceTree = "<group>";
		};
/* End PBXGroup section */

/* Begin PBXNativeTarget section */
		A282B5341E4984A4008B8EF4 /* giaohanggiare */ = {
			isa = PBXNativeTarget;
			buildConfigurationList = A282B5471E4984A4008B8EF4 /* Build configuration list for PBXNativeTarget "giaohanggiare" */;
			buildPhases = (
				EB7EEF37D76E6F772D3C3DF3 /* [CP] Check Pods Manifest.lock */,
				A282B5311E4984A4008B8EF4 /* Sources */,
				A282B5321E4984A4008B8EF4 /* Frameworks */,
				A282B5331E4984A4008B8EF4 /* Resources */,
				7C0A27B699B34D6CBBFA5099 /* [CP] Embed Pods Frameworks */,
				A0D1824AC663F9E4E74B7203 /* [CP] Copy Pods Resources */,
			);
			buildRules = (
			);
			dependencies = (
				A282B56C1E4988A4008B8EF4 /* PBXTargetDependency */,
			);
			name = giaohanggiare;
			productName = giaohanggiare;
			productReference = A282B5351E4984A4008B8EF4 /* giaohanggiare.app */;
			productType = "com.apple.product-type.application";
		};
/* End PBXNativeTarget section */

/* Begin PBXProject section */
		A282B52D1E4984A4008B8EF4 /* Project object */ = {
			isa = PBXProject;
			attributes = {
				LastSwiftUpdateCheck = 0810;
				LastUpgradeCheck = 0810;
				ORGANIZATIONNAME = tran.quoc.quan;
				TargetAttributes = {
					A282B5341E4984A4008B8EF4 = {
						CreatedOnToolsVersion = 8.1;
						DevelopmentTeam = 3CNHYL95JX;
						ProvisioningStyle = Automatic;
					};
				};
			};
			buildConfigurationList = A282B5301E4984A4008B8EF4 /* Build configuration list for PBXProject "giaohanggiare" */;
			compatibilityVersion = "Xcode 3.2";
			developmentRegion = English;
			hasScannedForEncodings = 0;
			knownRegions = (
				en,
				Base,
			);
			mainGroup = A282B52C1E4984A4008B8EF4;
			productRefGroup = A282B5361E4984A4008B8EF4 /* Products */;
			projectDirPath = "";
			projectReferences = (
				{
					ProductGroup = A282B5661E49889B008B8EF4 /* Products */;
					ProjectRef = A282B5651E49889B008B8EF4 /* SideMenuController.xcodeproj */;
				},
			);
			projectRoot = "";
			targets = (
				A282B5341E4984A4008B8EF4 /* giaohanggiare */,
			);
		};
/* End PBXProject section */

/* Begin PBXReferenceProxy section */
		A282B56A1E49889B008B8EF4 /* SideMenuController.framework */ = {
			isa = PBXReferenceProxy;
			fileType = wrapper.framework;
			path = SideMenuController.framework;
			remoteRef = A282B5691E49889B008B8EF4 /* PBXContainerItemProxy */;
			sourceTree = BUILT_PRODUCTS_DIR;
		};
/* End PBXReferenceProxy section */

/* Begin PBXResourcesBuildPhase section */
		A282B5331E4984A4008B8EF4 /* Resources */ = {
			isa = PBXResourcesBuildPhase;
			buildActionMask = 2147483647;
			files = (
				A282B5431E4984A4008B8EF4 /* LaunchScreen.storyboard in Resources */,
				A282B5401E4984A4008B8EF4 /* Assets.xcassets in Resources */,
				A282B53E1E4984A4008B8EF4 /* Main.storyboard in Resources */,
			);
			runOnlyForDeploymentPostprocessing = 0;
		};
/* End PBXResourcesBuildPhase section */

/* Begin PBXShellScriptBuildPhase section */
		7C0A27B699B34D6CBBFA5099 /* [CP] Embed Pods Frameworks */ = {
			isa = PBXShellScriptBuildPhase;
			buildActionMask = 2147483647;
			files = (
			);
			inputPaths = (
			);
			name = "[CP] Embed Pods Frameworks";
			outputPaths = (
			);
			runOnlyForDeploymentPostprocessing = 0;
			shellPath = /bin/sh;
			shellScript = "\"${SRCROOT}/Pods/Target Support Files/Pods-giaohanggiare/Pods-giaohanggiare-frameworks.sh\"\n";
			showEnvVarsInLog = 0;
		};
		A0D1824AC663F9E4E74B7203 /* [CP] Copy Pods Resources */ = {
			isa = PBXShellScriptBuildPhase;
			buildActionMask = 2147483647;
			files = (
			);
			inputPaths = (
			);
			name = "[CP] Copy Pods Resources";
			outputPaths = (
			);
			runOnlyForDeploymentPostprocessing = 0;
			shellPath = /bin/sh;
			shellScript = "\"${SRCROOT}/Pods/Target Support Files/Pods-giaohanggiare/Pods-giaohanggiare-resources.sh\"\n";
			showEnvVarsInLog = 0;
		};
		EB7EEF37D76E6F772D3C3DF3 /* [CP] Check Pods Manifest.lock */ = {
			isa = PBXShellScriptBuildPhase;
			buildActionMask = 2147483647;
			files = (
			);
			inputPaths = (
			);
			name = "[CP] Check Pods Manifest.lock";
			outputPaths = (
			);
			runOnlyForDeploymentPostprocessing = 0;
			shellPath = /bin/sh;
			shellScript = "diff \"${PODS_ROOT}/../Podfile.lock\" \"${PODS_ROOT}/Manifest.lock\" > /dev/null\nif [[ $? != 0 ]] ; then\n    cat << EOM\nerror: The sandbox is not in sync with the Podfile.lock. Run 'pod install' or update your CocoaPods installation.\nEOM\n    exit 1\nfi\n";
			showEnvVarsInLog = 0;
		};
/* End PBXShellScriptBuildPhase section */

/* Begin PBXSourcesBuildPhase section */
		A282B5311E4984A4008B8EF4 /* Sources */ = {
			isa = PBXSourcesBuildPhase;
			buildActionMask = 2147483647;
			files = (
				A282B5911E49B95F008B8EF4 /* ViewController.swift in Sources */,
				A282B58E1E49B8F8008B8EF4 /* ContentViewController.swift in Sources */,
				A282B58B1E49B5C5008B8EF4 /* MenuController.swift in Sources */,
				A282B5391E4984A4008B8EF4 /* AppDelegate.swift in Sources */,
				A282B5851E49B166008B8EF4 /* RootViewController.swift in Sources */,
				A282B5881E49B1DD008B8EF4 /* HomeViewController.swift in Sources */,
			);
			runOnlyForDeploymentPostprocessing = 0;
		};
/* End PBXSourcesBuildPhase section */

/* Begin PBXTargetDependency section */
		A282B56C1E4988A4008B8EF4 /* PBXTargetDependency */ = {
			isa = PBXTargetDependency;
			name = SideMenuController;
			targetProxy = A282B56B1E4988A4008B8EF4 /* PBXContainerItemProxy */;
		};
/* End PBXTargetDependency section */

/* Begin PBXVariantGroup section */
		A282B53C1E4984A4008B8EF4 /* Main.storyboard */ = {
			isa = PBXVariantGroup;
			children = (
				A282B53D1E4984A4008B8EF4 /* Base */,
			);
			name = Main.storyboard;
			sourceTree = "<group>";
		};
		A282B5411E4984A4008B8EF4 /* LaunchScreen.storyboard */ = {
			isa = PBXVariantGroup;
			children = (
				A282B5421E4984A4008B8EF4 /* Base */,
			);
			name = LaunchScreen.storyboard;
			sourceTree = "<group>";
		};
/* End PBXVariantGroup section */

/* Begin XCBuildConfiguration section */
		A282B5451E4984A4008B8EF4 /* Debug */ = {
			isa = XCBuildConfiguration;
			buildSettings = {
				ALWAYS_SEARCH_USER_PATHS = NO;
				CLANG_ANALYZER_NONNULL = YES;
				CLANG_CXX_LANGUAGE_STANDARD = "gnu++0x";
				CLANG_CXX_LIBRARY = "libc++";
				CLANG_ENABLE_MODULES = YES;
				CLANG_ENABLE_OBJC_ARC = YES;
				CLANG_WARN_BOOL_CONVERSION = YES;
				CLANG_WARN_CONSTANT_CONVERSION = YES;
				CLANG_WARN_DIRECT_OBJC_ISA_USAGE = YES_ERROR;
				CLANG_WARN_DOCUMENTATION_COMMENTS = YES;
				CLANG_WARN_EMPTY_BODY = YES;
				CLANG_WARN_ENUM_CONVERSION = YES;
				CLANG_WARN_INFINITE_RECURSION = YES;
				CLANG_WARN_INT_CONVERSION = YES;
				CLANG_WARN_OBJC_ROOT_CLASS = YES_ERROR;
				CLANG_WARN_SUSPICIOUS_MOVES = YES;
				CLANG_WARN_UNREACHABLE_CODE = YES;
				CLANG_WARN__DUPLICATE_METHOD_MATCH = YES;
				"CODE_SIGN_IDENTITY[sdk=iphoneos*]" = "iPhone Developer";
				COPY_PHASE_STRIP = NO;
				DEBUG_INFORMATION_FORMAT = dwarf;
				ENABLE_STRICT_OBJC_MSGSEND = YES;
				ENABLE_TESTABILITY = YES;
				GCC_C_LANGUAGE_STANDARD = gnu99;
				GCC_DYNAMIC_NO_PIC = NO;
				GCC_NO_COMMON_BLOCKS = YES;
				GCC_OPTIMIZATION_LEVEL = 0;
				GCC_PREPROCESSOR_DEFINITIONS = (
					"DEBUG=1",
					"$(inherited)",
				);
				GCC_WARN_64_TO_32_BIT_CONVERSION = YES;
				GCC_WARN_ABOUT_RETURN_TYPE = YES_ERROR;
				GCC_WARN_UNDECLARED_SELECTOR = YES;
				GCC_WARN_UNINITIALIZED_AUTOS = YES_AGGRESSIVE;
				GCC_WARN_UNUSED_FUNCTION = YES;
				GCC_WARN_UNUSED_VARIABLE = YES;
				IPHONEOS_DEPLOYMENT_TARGET = 10.1;
				MTL_ENABLE_DEBUG_INFO = YES;
				ONLY_ACTIVE_ARCH = YES;
				SDKROOT = iphoneos;
				SWIFT_ACTIVE_COMPILATION_CONDITIONS = DEBUG;
				SWIFT_OPTIMIZATION_LEVEL = "-Onone";
				TARGETED_DEVICE_FAMILY = "1,2";
			};
			name = Debug;
		};
		A282B5461E4984A4008B8EF4 /* Release */ = {
			isa = XCBuildConfiguration;
			buildSettings = {
				ALWAYS_SEARCH_USER_PATHS = NO;
				CLANG_ANALYZER_NONNULL = YES;
				CLANG_CXX_LANGUAGE_STANDARD = "gnu++0x";
				CLANG_CXX_LIBRARY = "libc++";
				CLANG_ENABLE_MODULES = YES;
				CLANG_ENABLE_OBJC_ARC = YES;
				CLANG_WARN_BOOL_CONVERSION = YES;
				CLANG_WARN_CONSTANT_CONVERSION = YES;
				CLANG_WARN_DIRECT_OBJC_ISA_USAGE = YES_ERROR;
				CLANG_WARN_DOCUMENTATION_COMMENTS = YES;
				CLANG_WARN_EMPTY_BODY = YES;
				CLANG_WARN_ENUM_CONVERSION = YES;
				CLANG_WARN_INFINITE_RECURSION = YES;
				CLANG_WARN_INT_CONVERSION = YES;
				CLANG_WARN_OBJC_ROOT_CLASS = YES_ERROR;
				CLANG_WARN_SUSPICIOUS_MOVES = YES;
				CLANG_WARN_UNREACHABLE_CODE = YES;
				CLANG_WARN__DUPLICATE_METHOD_MATCH = YES;
				"CODE_SIGN_IDENTITY[sdk=iphoneos*]" = "iPhone Developer";
				COPY_PHASE_STRIP = NO;
				DEBUG_INFORMATION_FORMAT = "dwarf-with-dsym";
				ENABLE_NS_ASSERTIONS = NO;
				ENABLE_STRICT_OBJC_MSGSEND = YES;
				GCC_C_LANGUAGE_STANDARD = gnu99;
				GCC_NO_COMMON_BLOCKS = YES;
				GCC_WARN_64_TO_32_BIT_CONVERSION = YES;
				GCC_WARN_ABOUT_RETURN_TYPE = YES_ERROR;
				GCC_WARN_UNDECLARED_SELECTOR = YES;
				GCC_WARN_UNINITIALIZED_AUTOS = YES_AGGRESSIVE;
				GCC_WARN_UNUSED_FUNCTION = YES;
				GCC_WARN_UNUSED_VARIABLE = YES;
				IPHONEOS_DEPLOYMENT_TARGET = 10.1;
				MTL_ENABLE_DEBUG_INFO = NO;
				SDKROOT = iphoneos;
				SWIFT_OPTIMIZATION_LEVEL = "-Owholemodule";
				TARGETED_DEVICE_FAMILY = "1,2";
				VALIDATE_PRODUCT = YES;
			};
			name = Release;
		};
		A282B5481E4984A4008B8EF4 /* Debug */ = {
			isa = XCBuildConfiguration;
			baseConfigurationReference = B7E62A8BB2085848A7CAB378 /* Pods-giaohanggiare.debug.xcconfig */;
			buildSettings = {
				ASSETCATALOG_COMPILER_APPICON_NAME = AppIcon;
				DEVELOPMENT_TEAM = 3CNHYL95JX;
				INFOPLIST_FILE = giaohanggiare/Info.plist;
				LD_RUNPATH_SEARCH_PATHS = "$(inherited) @executable_path/Frameworks";
				PRODUCT_BUNDLE_IDENTIFIER = com.quantq.giaohanggiare;
				PRODUCT_NAME = "$(TARGET_NAME)";
				SWIFT_VERSION = 3.0;
			};
			name = Debug;
		};
		A282B5491E4984A4008B8EF4 /* Release */ = {
			isa = XCBuildConfiguration;
			baseConfigurationReference = B3BE4554886971DC68DE3B6D /* Pods-giaohanggiare.release.xcconfig */;
			buildSettings = {
				ASSETCATALOG_COMPILER_APPICON_NAME = AppIcon;
				DEVELOPMENT_TEAM = 3CNHYL95JX;
				INFOPLIST_FILE = giaohanggiare/Info.plist;
				LD_RUNPATH_SEARCH_PATHS = "$(inherited) @executable_path/Frameworks";
				PRODUCT_BUNDLE_IDENTIFIER = com.quantq.giaohanggiare;
				PRODUCT_NAME = "$(TARGET_NAME)";
				SWIFT_VERSION = 3.0;
			};
			name = Release;
		};
/* End XCBuildConfiguration section */

/* Begin XCConfigurationList section */
		A282B5301E4984A4008B8EF4 /* Build configuration list for PBXProject "giaohanggiare" */ = {
			isa = XCConfigurationList;
			buildConfigurations = (
				A282B5451E4984A4008B8EF4 /* Debug */,
				A282B5461E4984A4008B8EF4 /* Release */,
			);
			defaultConfigurationIsVisible = 0;
			defaultConfigurationName = Release;
		};
		A282B5471E4984A4008B8EF4 /* Build configuration list for PBXNativeTarget "giaohanggiare" */ = {
			isa = XCConfigurationList;
			buildConfigurations = (
				A282B5481E4984A4008B8EF4 /* Debug */,
				A282B5491E4984A4008B8EF4 /* Release */,
			);
			defaultConfigurationIsVisible = 0;
			defaultConfigurationName = Release;
		};
/* End XCConfigurationList section */
	};
	rootObject = A282B52D1E4984A4008B8EF4 /* Project object */;
}
